{
  "name": "lantalk-client",
  "version": "1.0.0",
  "lockfileVersion": 3,
  "requires": true,
  "packages": {
    "": {
      "name": "lantalk-client",
      "version": "1.0.0",
      "dependencies": {
        "@sapphi-red/web-noise-suppressor": "^0.4.0",
        "deepfilternet3-noise-filter": "^1.3.0"
      },
      "devDependencies": {
        "electron": "^43.4.0"
      }
    },
    "node_modules/@bufbuild/protobuf": {
      "version": "1.10.1",
      "resolved": "https://registry.npmjs.org/@bufbuild/protobuf/-/protobuf-1.10.1.tgz",
      "integrity": "sha512-wJ8ReQbHxsAfXhrf9ixl0aYbZorRuOWpBNzm8pL8ftmSxQx/wnJD5Eg861NwJU/czy2VXFIebCeZnZrI9rktIQ==",
      "license": "(Apache-2.0 AND BSD-3-Clause)",
      "peer": true
    },
    "node_modules/@electron-internal/extract-zip": {
      "version": "1.0.5",
      "resolved": "https://registry.npmjs.org/@electron-internal/extract-zip/-/extract-zip-1.0.5.tgz",
      "integrity": "sha512-+bqFCP98pLI0Tt0XQo1TmlXtwjWchISndDOxCkEcIuUgXWpBnLyRI+2DU+mesvnMMX6L1XDqYNA0lXNDHd/yiA==",
      "dev": true,
      "license": "BSD-2-Clause",
      "engines": {
        "node": ">=22.12.0"
      }
    },
    "node_modules/@electron/get": {
      "version": "5.1.0",
      "resolved": "https://registry.npmjs.org/@electron/get/-/get-5.1.0.tgz",
      "integrity": "sha512-3kSBtG8ObcTVfXanm5vVJ6UnBLEVmVsRk1M+vGqCuMBV+XLCbJYuWQful+yIy0GQDsSlK0kHEriEHn7SPk4EnA==",
      "dev": true,
      "license": "MIT",
      "dependencies": {
        "debug": "^4.1.1",
        "env-paths": "^3.0.0",
        "graceful-fs": "^4.2.11",
        "progress": "^2.0.3",
        "semver": "^7.6.3",
        "sumchecker": "^3.0.1"
      },
      "engines": {
        "node": ">=22.12.0"
      },
      "optionalDependencies": {
        "undici": "^7.24.4"
      }
    },
    "node_modules/@livekit/mutex": {
      "version": "1.1.1",
      "resolved": "https://registry.npmjs.org/@livekit/mutex/-/mutex-1.1.1.tgz",
      "integrity": "sha512-EsshAucklmpuUAfkABPxJNhzj9v2sG7JuzFDL4ML1oJQSV14sqrpTYnsaOudMAw9yOaW53NU3QQTlUQoRs4czw==",
      "license": "Apache-2.0",
      "peer": true
    },
    "node_modules/@livekit/protocol": {
      "version": "1.50.4",
      "resolved": "https://registry.npmjs.org/@livekit/protocol/-/protocol-1.50.4.tgz",
      "integrity": "sha512-L1uggNQAqyY21smQY8AllyOYbcv9Me9TaxwuLytL1R8ck9nbYPmQLNwEDi3pOFGAMa5F8I2nUi2Jc59W5awxlA==",
      "license": "Apache-2.0",
      "peer": true,
      "dependencies": {
        "@bufbuild/protobuf": "^1.10.0"
      }
    },
    "node_modules/@sapphi-red/web-noise-suppressor": {
      "version": "0.4.0",
      "resolved": "https://registry.npmjs.org/@sapphi-red/web-noise-suppressor/-/web-noise-suppressor-0.4.0.tgz",
      "integrity": "sha512-vkBEL/VDkbeP3qqSRQFRtPLGa19a38JUzO6J0r5D/MQSumrlERy671DAMaETgY6etXjDCoJcD7JBIaXnuGVtVw==",
      "license": "MIT",
      "funding": {
        "type": "github",
        "url": "https://github.com/sponsors/sapphi-red"
      }
    },
    "node_modules/@types/dom-mediacapture-record": {
      "version": "1.0.22",
      "resolved": "https://registry.npmjs.org/@types/dom-mediacapture-record/-/dom-mediacapture-record-1.0.22.tgz",
      "integrity": "sha512-mUMZLK3NvwRLcAAT9qmcK+9p7tpU2FHdDsntR3YI4+GY88XrgG4XiE7u1Q2LAN2/FZOz/tdMDC3GQCR4T8nFuw==",
      "license": "MIT",
      "peer": true
    },
    "node_modules/@types/node": {
      "version": "24.13.3",
      "resolved": "https://registry.npmjs.org/@types/node/-/node-24.13.3.tgz",
      "integrity": "sha512-Dh8vAsV36ig5wa9OX4pXvMc9D3Veibfw2wix0CUwYODLD8nkj9UsLjASr49nPg+2eKzxhBV+v7L8pXvT4e639Q==",
      "dev": true,
      "license": "MIT",
      "dependencies": {
        "undici-types": "~7.18.0"
      }
    },
    "node_modules/debug": {
      "version": "4.4.3",
      "resolved": "https://registry.npmjs.org/debug/-/debug-4.4.3.tgz",
      "integrity": "sha512-RGwwWnwQvkVfavKVt22FGLw+xYSdzARwm0ru6DhTVA3umU5hZc28V3kO4stgYryrTlLpuvgI9GiijltAjNbcqA==",
      "dev": true,
      "license": "MIT",
      "dependencies": {
        "ms": "^2.1.3"
      },
      "engines": {
        "node": ">=6.0"
      },
      "peerDependenciesMeta": {
        "supports-color": {
          "optional": true
        }
      }
    },
    "node_modules/deepfilternet3-noise-filter": {
      "version": "1.3.0",
      "resolved": "https://registry.npmjs.org/deepfilternet3-noise-filter/-/deepfilternet3-noise-filter-1.3.0.tgz",
      "integrity": "sha512-yYFUlPuvPguqcd/R6/OSsr0noGqlqOE50JkCWYHogk+PjLj9qrNgwTt5zKraVkKnw0l4+eXJagkz2SUWtUl4sQ==",
      "license": "(Apache-2.0 OR MIT)",
      "engines": {
        "node": ">=18.0.0"
      },
      "peerDependencies": {
        "livekit-client": "^2.0.0"
      }
    },
    "node_modules/electron": {
      "version": "43.4.0",
      "resolved": "https://registry.npmjs.org/electron/-/electron-43.4.0.tgz",
      "integrity": "sha512-3qxGF0CeQbiox5oWV1JlbWGQ1VerbmDhTFqW4sJ8h7uqTHniFYPObXJcDna0DMh32et0fFyKzz0YY8lJv3t5jg==",
      "dev": true,
      "license": "MIT",
      "dependencies": {
        "@electron-internal/extract-zip": "^1.0.1",
        "@electron/get": "^5.0.0",
        "@types/node": "^24.9.0"
      },
      "bin": {
        "electron": "cli.js",
        "install-electron": "install.js"
      },
      "engines": {
        "node": ">= 22.12.0"
      }
    },
    "node_modules/env-paths": {
      "version": "3.0.0",
      "resolved": "https://registry.npmjs.org/env-paths/-/env-paths-3.0.0.tgz",
      "integrity": "sha512-dtJUTepzMW3Lm/NPxRf3wP4642UWhjL2sQxc+ym2YMj1m/H2zDNQOlezafzkHwn6sMstjHTwG6iQQsctDW/b1A==",
      "dev": true,
      "license": "MIT",
      "engines": {
        "node": "^12.20.0 || ^14.13.1 || >=16.0.0"
      },
      "funding": {
        "url": "https://github.com/sponsors/sindresorhus"
      }
    },
    "node_modules/events": {
      "version": "3.3.0",
      "resolved": "https://registry.npmjs.org/events/-/events-3.3.0.tgz",
      "integrity": "sha512-mQw+2fkQbALzQ7V0MY0IqdnXNOeTtP4r0lN9z7AAawCXgqea7bDii20AYrIBrFd/Hx0M2Ocz6S111CaFkUcb0Q==",
      "license": "MIT",
      "peer": true,
      "engines": {
        "node": ">=0.8.x"
      }
    },
    "node_modules/graceful-fs": {
      "version": "4.2.11",
      "resolved": "https://registry.npmjs.org/graceful-fs/-/graceful-fs-4.2.11.tgz",
      "integrity": "sha512-RbJ5/jmFcNNCcDV5o9eTnBLJ/HszWV0P73bc+Ff4nS/rJj+YaS6IGyiOL0VoBYX+l1Wrl3k63h/KrH+nhJ0XvQ==",
      "dev": true,
      "license": "ISC"
    },
    "node_modules/jose": {
      "version": "6.2.9",
      "resolved": "https://registry.npmjs.org/jose/-/jose-6.2.9.tgz",
      "integrity": "sha512-XrchZOFZUl/T3vTwRe8XK+cJrGtMF4th1ARnDfwbBXFKThGhlsxEE4Zu03AD/bjJSt/9jT/mxrOCkJWOg77aPA==",
      "license": "MIT",
      "peer": true,
      "funding": {
        "url": "https://github.com/sponsors/panva"
      }
    },
    "node_modules/livekit-client": {
      "version": "2.21.0",
      "resolved": "https://registry.npmjs.org/livekit-client/-/livekit-client-2.21.0.tgz",
      "integrity": "sha512-RBUhPkV/sl1nzl8lokVlK5uATPwn0AlsudCBZXissw/kDl9yz8ac4pNJ43iPpMVoHOeBYH/BZ3vUC1adqa/zFQ==",
      "license": "Apache-2.0",
      "peer": true,
      "dependencies": {
        "@livekit/mutex": "1.1.1",
        "@livekit/protocol": "1.50.4",
        "events": "^3.3.0",
        "jose": "^6.1.0",
        "loglevel": "^1.9.2",
        "sdp-transform": "^2.15.0",
        "tslib": "2.8.1",
        "typed-emitter": "^2.1.0",
        "webrtc-adapter": "9.0.6"
      },
      "peerDependencies": {
        "@types/dom-mediacapture-record": "^1"
      }
    },
    "node_modules/loglevel": {
      "version": "1.9.2",
      "resolved": "https://registry.npmjs.org/loglevel/-/loglevel-1.9.2.tgz",
      "integrity": "sha512-HgMmCqIJSAKqo68l0rS2AanEWfkxaZ5wNiEFb5ggm08lDs9Xl2KxBlX3PTcaD2chBM1gXAYf491/M2Rv8Jwayg==",
      "license": "MIT",
      "peer": true,
      "engines": {
        "node": ">= 0.6.0"
      },
      "funding": {
        "type": "tidelift",
        "url": "https://tidelift.com/funding/github/npm/loglevel"
      }
    },
    "node_modules/ms": {
      "version": "2.1.3",
      "resolved": "https://registry.npmjs.org/ms/-/ms-2.1.3.tgz",
      "integrity": "sha512-6FlzubTLZG3J2a/NVCAleEhjzq5oxgHyaCU9yYXvcLsvoVaHJq/s5xXI6/XXP6tz7R9xAOtHnSO/tXtF3WRTlA==",
      "dev": true,
      "license": "MIT"
    },
    "node_modules/progress": {
      "version": "2.0.3",
      "resolved": "https://registry.npmjs.org/progress/-/progress-2.0.3.tgz",
      "integrity": "sha512-7PiHtLll5LdnKIMw100I+8xJXR5gW2QwWYkT6iJva0bXitZKa/XMrSbdmg3r2Xnaidz9Qumd0VPaMrZlF9V9sA==",
      "dev": true,
      "license": "MIT",
      "engines": {
        "node": ">=0.4.0"
      }
    },
    "node_modules/rxjs": {
      "version": "7.8.2",
      "resolved": "https://registry.npmjs.org/rxjs/-/rxjs-7.8.2.tgz",
      "integrity": "sha512-dhKf903U/PQZY6boNNtAGdWbG85WAbjT/1xYoZIC7FAY0yWapOBQVsVrDl58W86//e1VpMNBtRV4MaXfdMySFA==",
      "license": "Apache-2.0",
      "optional": true,
      "peer": true,
      "dependencies": {
        "tslib": "^2.1.0"
      }
    },
    "node_modules/sdp": {
      "version": "3.2.2",
      "resolved": "https://registry.npmjs.org/sdp/-/sdp-3.2.2.tgz",
      "integrity": "sha512-xZocWwfyp4hkbN4hLWxMjmv2Q8aNa9MhmOZ7L9aCZPT+dZsgRr6wZRrSYE3HTdyk/2pZKPSgqI7ns7Een1xMSA==",
      "license": "MIT",
      "peer": true
    },
    "node_modules/sdp-transform": {
      "version": "2.15.0",
      "resolved": "https://registry.npmjs.org/sdp-transform/-/sdp-transform-2.15.0.tgz",
      "integrity": "sha512-KrOH82c/W+GYQ0LHqtr3caRpM3ITglq3ljGUIb8LTki7ByacJZ9z+piSGiwZDsRyhQbYBOBJgr2k6X4BZXi3Kw==",
      "license": "MIT",
      "peer": true,
      "bin": {
        "sdp-verify": "checker.js"
      }
    },
    "node_modules/semver": {
      "version": "7.8.5",
      "resolved": "https://registry.npmjs.org/semver/-/semver-7.8.5.tgz",
      "integrity": "sha512-Y7/KDsb8LjooZpwaqGyulO6DQlksgCncchHGk+sZIY4SBvUocMBEFH5Ur1fI4dV+Jvl0w6cjvucaIi40puRioA==",
      "dev": true,
      "license": "ISC",
      "bin": {
        "semver": "bin/semver.js"
      },
      "engines": {
        "node": ">=10"
      }
    },
    "node_modules/sumchecker": {
      "version": "3.0.1",
      "resolved": "https://registry.npmjs.org/sumchecker/-/sumchecker-3.0.1.tgz",
      "integrity": "sha512-MvjXzkz/BOfyVDkG0oFOtBxHX2u3gKbMHIF/dXblZsgD3BWOFLmHovIpZY7BykJdAjcqRCBi1WYBNdEC9yI7vg==",
      "dev": true,
      "license": "Apache-2.0",
      "dependencies": {
        "debug": "^4.1.0"
      },
      "engines": {
        "node": ">= 8.0"
      }
    },
    "node_modules/tslib": {
      "version": "2.8.1",
      "resolved": "https://registry.npmjs.org/tslib/-/tslib-2.8.1.tgz",
      "integrity": "sha512-oJFu94HQb+KVduSUQL7wnpmqnfmLsOA/nAh6b6EH0wCEoK0/mPeXU6c3wKDV83MkOuHPRHtSXKKU99IBazS/2w==",
      "license": "0BSD",
      "peer": true
    },
    "node_modules/typed-emitter": {
      "version": "2.1.0",
      "resolved": "https://registry.npmjs.org/typed-emitter/-/typed-emitter-2.1.0.tgz",
      "integrity": "sha512-g/KzbYKbH5C2vPkaXGu8DJlHrGKHLsM25Zg9WuC9pMGfuvT+X25tZQWo5fK1BjBm8+UrVE9LDCvaY0CQk+fXDA==",
      "license": "MIT",
      "peer": true,
      "optionalDependencies": {
        "rxjs": "*"
      }
    },
    "node_modules/undici": {
      "version": "7.29.0",
      "resolved": "https://registry.npmjs.org/undici/-/undici-7.29.0.tgz",
      "integrity": "sha512-IDxfleLmmbSskfWSUATiN1nfn2rDuvnMOqb5CWR92iIfojA0Ud+ulOAAEQ57LPr9rWmsreUyf5lwyao+7GNNVw==",
      "dev": true,
      "license": "MIT",
      "optional": true,
      "engines": {
        "node": ">=20.18.1"
      }
    },
    "node_modules/undici-types": {
      "version": "7.18.2",
      "resolved": "https://registry.npmjs.org/undici-types/-/undici-types-7.18.2.tgz",
      "integrity": "sha512-AsuCzffGHJybSaRrmr5eHr81mwJU3kjw6M+uprWvCXiNeN9SOGwQ3Jn8jb8m3Z6izVgknn1R0FTCEAP2QrLY/w==",
      "dev": true,
      "license": "MIT"
    },
    "node_modules/webrtc-adapter": {
      "version": "9.0.6",
      "resolved": "https://registry.npmjs.org/webrtc-adapter/-/webrtc-adapter-9.0.6.tgz",
      "integrity": "sha512-CHbl2ZQbxx164IgWRgzJno4hWtM4tFbRam1QfI3Yxhs3w/DvqluVxVWeXs3oL5/fbGkSNLKo0Ty5MgUWceNhog==",
      "license": "BSD-3-Clause",
      "peer": true,
      "dependencies": {
        "sdp": "^3.2.0"
      },
      "engines": {
        "node": ">=6.0.0",
        "npm": ">=3.10.0"
      }
    }
  }
}
